
Microsoft Visual Studio Solution File, Format Version 12.00
# Visual Studio Version 17
VisualStudioVersion = 17.9.34714.143
MinimumVisualStudioVersion = 10.0.40219.1
Project("{FAE04EC0-301F-11D3-BF4B-00C04F79EFBC}") = "Project3(Simple Clinic)", "Project3(Simple Clinic).csproj", "{8AD2EF25-4FC7-4004-8306-BFF95742415F}"
EndProject
Project("{FAE04EC0-301F-11D3-BF4B-00C04F79EFBC}") = "Clinic_DataAccess", "..\Clinic_DataAccsess\Clinic_DataAccess.csproj", "{ABBBCB15-A6A3-47B4-89DA-FFA0B6DBE3C0}"
EndProject
Project("{FAE04EC0-301F-11D3-BF4B-00C04F79EFBC}") = "Clinic_Business", "..\Clinic_Bussiness\Clinic_Business.csproj", "{ED53E7ED-6981-4742-AA25-46816D409E6A}"
EndProject
Global
	GlobalSection(SolutionConfigurationPlatforms) = preSolution
		Debug|Any CPU = Debug|Any CPU
		Release|Any CPU = Release|Any CPU
	EndGlobalSection
	GlobalSection(ProjectConfigurationPlatforms) = postSolution
		{8AD2EF25-4FC7-4004-8306-BFF95742415F}.Debug|Any CPU.ActiveCfg = Debug|Any CPU
		{8AD2EF25-4FC7-4004-8306-BFF95742415F}.Debug|Any CPU.Build.0 = Debug|Any CPU
		{8AD2EF25-4FC7-4004-8306-BFF95742415F}.Release|Any CPU.ActiveCfg = Release|Any CPU
		{8AD2EF25-4FC7-4004-8306-BFF95742415F}.Release|Any CPU.Build.0 = Release|Any CPU
		{ABBBCB15-A6A3-47B4-89DA-FFA0B6DBE3C0}.Debug|Any CPU.ActiveCfg = Debug|Any CPU
		{ABBBCB15-A6A3-47B4-89DA-FFA0B6DBE3C0}.Debug|Any CPU.Build.0 = Debug|Any CPU
		{ABBBCB15-A6A3-47B4-89DA-FFA0B6DBE3C0}.Release|Any CPU.ActiveCfg = Release|Any CPU
		{ABBBCB15-A6A3-47B4-89DA-FFA0B6DBE3C0}.Release|Any CPU.Build.0 = Release|Any CPU
		{ED53E7ED-6981-4742-AA25-46816D409E6A}.Debug|Any CPU.ActiveCfg = Debug|Any CPU
		{ED53E7ED-6981-4742-AA25-46816D409E6A}.Debug|Any CPU.Build.0 = Debug|Any CPU
		{ED53E7ED-6981-4742-AA25-46816D409E6A}.Release|Any CPU.ActiveCfg = Release|Any CPU
		{ED53E7ED-6981-4742-AA25-46816D409E6A}.Release|Any CPU.Build.0 = Release|Any CPU
	EndGlobalSection
	GlobalSection(SolutionProperties) = preSolution
		HideSolutionNode = FALSE
	EndGlobalSection
	GlobalSection(ExtensibilityGlobals) = postSolution
		SolutionGuid = {1AE15083-C93C-47F3-A5FC-D6F464C6977B}
	EndGlobalSection
EndGlobal
